
Microsoft Visual Studio Solution File, Format Version 12.00
# Visual Studio Version 17
VisualStudioVersion = 17.6.33829.357
MinimumVisualStudioVersion = 10.0.40219.1
Project("{FAE04EC0-301F-11D3-BF4B-00C04F79EFBC}") = "AttributeBTKOrnek", "AttributeBTKOrnek\AttributeBTKOrnek.csproj", "{B032E0B1-BAA9-48E7-A991-9403490946E4}"
EndProject
Global
	GlobalSection(SolutionConfigurationPlatforms) = preSolution
		Debug|Any CPU = Debug|Any CPU
		Release|Any CPU = Release|Any CPU
	EndGlobalSection
	GlobalSection(ProjectConfigurationPlatforms) = postSolution
		{B032E0B1-BAA9-48E7-A991-9403490946E4}.Debug|Any CPU.ActiveCfg = Debug|Any CPU
		{B032E0B1-BAA9-48E7-A991-9403490946E4}.Debug|Any CPU.Build.0 = Debug|Any CPU
		{B032E0B1-BAA9-48E7-A991-9403490946E4}.Release|Any CPU.ActiveCfg = Release|Any CPU
		{B032E0B1-BAA9-48E7-A991-9403490946E4}.Release|Any CPU.Build.0 = Release|Any CPU
	EndGlobalSection
	GlobalSection(SolutionProperties) = preSolution
		HideSolutionNode = FALSE
	EndGlobalSection
	GlobalSection(ExtensibilityGlobals) = postSolution
		SolutionGuid = {65007936-B8C5-46FD-928B-35FF3620F8DA}
	EndGlobalSection
EndGlobal
